# @generated by Move, please check-in and do not edit manually.

[move]
version = 3
manifest_digest = "A9FB1BB8C9004CDDEB9E74485B59C26BF2BCC27E3881F970F2E5C08F8C9CB8C2"
deps_digest = "F8BBB0CCB2491CA29A3DF03D6F92277A4F3574266507ACD77214D37ECA3F3082"
dependencies = [
  { id = "Sui", name = "Sui" },
]

[[move.package]]
id = "MoveStdlib"
source = { git = "https://github.com/MystenLabs/sui.git", rev = "framework/testnet", subdir = "crates\\sui-framework\\packages\\move-stdlib" }

[[move.package]]
id = "Sui"
source = { git = "https://github.com/MystenLabs/sui.git", rev = "framework/testnet", subdir = "crates/sui-framework/packages/sui-framework" }

dependencies = [
  { id = "MoveStdlib", name = "MoveStdlib" },
]

[move.toolchain-version]
compiler-version = "1.55.0"
edition = "2024.beta"
flavor = "sui"

[env]

[env.testnet]
chain-id = "4c78adac"
original-published-id = "0xb6f5de2d33672a49b0de5d337fd8b9eb1093d57e17ee1a4dad50ce50ca8759c2"
latest-published-id = "0xb6f5de2d33672a49b0de5d337fd8b9eb1093d57e17ee1a4dad50ce50ca8759c2"
published-version = "1"
